
Microsoft Visual Studio Solution File, Format Version 12.00
# Visual Studio Version 16
VisualStudioVersion = 16.0.33130.400
MinimumVisualStudioVersion = 10.0.40219.1
Project("{FAE04EC0-301F-11D3-BF4B-00C04F79EFBC}") = "Test", "Test.csproj", "{58D97254-C2B9-42B5-A2F6-BD38D76F19CC}"
EndProject
Global
	GlobalSection(SolutionConfigurationPlatforms) = preSolution
		Debug|Any CPU = Debug|Any CPU
		Release|Any CPU = Release|Any CPU
	EndGlobalSection
	GlobalSection(ProjectConfigurationPlatforms) = postSolution
		{58D97254-C2B9-42B5-A2F6-BD38D76F19CC}.Debug|Any CPU.ActiveCfg = Debug|Any CPU
		{58D97254-C2B9-42B5-A2F6-BD38D76F19CC}.Debug|Any CPU.Build.0 = Debug|Any CPU
		{58D97254-C2B9-42B5-A2F6-BD38D76F19CC}.Release|Any CPU.ActiveCfg = Release|Any CPU
		{58D97254-C2B9-42B5-A2F6-BD38D76F19CC}.Release|Any CPU.Build.0 = Release|Any CPU
	EndGlobalSection
	GlobalSection(SolutionProperties) = preSolution
		HideSolutionNode = FALSE
	EndGlobalSection
	GlobalSection(ExtensibilityGlobals) = postSolution
		SolutionGuid = {A4F62B3E-53CF-437A-BA71-F6271F2F6CE1}
	EndGlobalSection
EndGlobal
